// !$*UTF8*$!
{
	archiveVersion = 1;
	classes = {
	};
	objectVersion = 50;
	objects = {

/* Begin PBXBuildFile section */
		25A65EE0E2E66FEE06DA0CA4 /* Pods_FacebookSDK.framework in Frameworks */ = {isa = PBXBuildFile; fileRef = C7707CE5AEDDAF97D267BCDE /* Pods_FacebookSDK.framework */; };
		BAD49D0623E4782F00DFB849 /* AppDelegate.swift in Sources */ = {isa = PBXBuildFile; fileRef = BAD49D0523E4782F00DFB849 /* AppDelegate.swift */; };
		BAD49D0823E4782F00DFB849 /* SceneDelegate.swift in Sources */ = {isa = PBXBuildFile; fileRef = BAD49D0723E4782F00DFB849 /* SceneDelegate.swift */; };
		BAD49D0A23E4782F00DFB849 /* ViewController.swift in Sources */ = {isa = PBXBuildFile; fileRef = BAD49D0923E4782F00DFB849 /* ViewController.swift */; };
		BAD49D0D23E4782F00DFB849 /* Main.storyboard in Resources */ = {isa = PBXBuildFile; fileRef = BAD49D0B23E4782F00DFB849 /* Main.storyboard */; };
		BAD49D0F23E4783100DFB849 /* Assets.xcassets in Resources */ = {isa = PBXBuildFile; fileRef = BAD49D0E23E4783100DFB849 /* Assets.xcassets */; };
		BAD49D1223E4783100DFB849 /* LaunchScreen.storyboard in Resources */ = {isa = PBXBuildFile; fileRef = BAD49D1023E4783100DFB849 /* LaunchScreen.storyboard */; };
/* End PBXBuildFile section */

/* Begin PBXFileReference section */
		53BA4BAACA59E4A1988523BA /* Pods-FacebookSDK.debug.xcconfig */ = {isa = PBXFileReference; includeInIndex = 1; lastKnownFileType = text.xcconfig; name = "Pods-FacebookSDK.debug.xcconfig"; path = "Target Support Files/Pods-FacebookSDK/Pods-FacebookSDK.debug.xcconfig"; sourceTree = "<group>"; };
		B687679B1AC1D801C1373049 /* Pods-FacebookSDK.release.xcconfig */ = {isa = PBXFileReference; includeInIndex = 1; lastKnownFileType = text.xcconfig; name = "Pods-FacebookSDK.release.xcconfig"; path = "Target Support Files/Pods-FacebookSDK/Pods-FacebookSDK.release.xcconfig"; sourceTree = "<group>"; };
		BAD49D0223E4782F00DFB849 /* FacebookSDK.app */ = {isa = PBXFileReference; explicitFileType = wrapper.application; includeInIndex = 0; path = FacebookSDK.app; sourceTree = BUILT_PRODUCTS_DIR; };
		BAD49D0523E4782F00DFB849 /* AppDelegate.swift */ = {isa = PBXFileReference; lastKnownFileType = sourcecode.swift; path = AppDelegate.swift; sourceTree = "<group>"; };
		BAD49D0723E4782F00DFB849 /* SceneDelegate.swift */ = {isa = PBXFileReference; lastKnownFileType = sourcecode.swift; path = SceneDelegate.swift; sourceTree = "<group>"; };
		BAD49D0923E4782F00DFB849 /* ViewController.swift */ = {isa = PBXFileReference; lastKnownFileType = sourcecode.swift; path = ViewController.swift; sourceTree = "<group>"; };
		BAD49D0C23E4782F00DFB849 /* Base */ = {isa = PBXFileReference; lastKnownFileType = file.storyboard; name = Base; path = Base.lproj/Main.storyboard; sourceTree = "<group>"; };
		BAD49D0E23E4783100DFB849 /* Assets.xcassets */ = {isa = PBXFileReference; lastKnownFileType = folder.assetcatalog; path = Assets.xcassets; sourceTree = "<group>"; };
		BAD49D1123E4783100DFB849 /* Base */ = {isa = PBXFileReference; lastKnownFileType = file.storyboard; name = Base; path = Base.lproj/LaunchScreen.storyboard; sourceTree = "<group>"; };
		BAD49D1323E4783100DFB849 /* Info.plist */ = {isa = PBXFileReference; lastKnownFileType = text.plist.xml; path = Info.plist; sourceTree = "<group>"; };
		C7707CE5AEDDAF97D267BCDE /* Pods_FacebookSDK.framework */ = {isa = PBXFileReference; explicitFileType = wrapper.framework; includeInIndex = 0; path = Pods_FacebookSDK.framework; sourceTree = BUILT_PRODUCTS_DIR; };
/* End PBXFileReference section */

/* Begin PBXFrameworksBuildPhase section */
		BAD49CFF23E4782F00DFB849 /* Frameworks */ = {
			isa = PBXFrameworksBuildPhase;
			buildActionMask = 2147483647;
			files = (
				25A65EE0E2E66FEE06DA0CA4 /* Pods_FacebookSDK.framework in Frameworks */,
			);
			runOnlyForDeploymentPostprocessing = 0;
		};
/* End PBXFrameworksBuildPhase section */

/* Begin PBXGroup section */
		242B4A81D143A49531B47F97 /* Pods */ = {
			isa = PBXGroup;
			children = (
				53BA4BAACA59E4A1988523BA /* Pods-FacebookSDK.debug.xcconfig */,
				B687679B1AC1D801C1373049 /* Pods-FacebookSDK.release.xcconfig */,
			);
			name = Pods;
			path = Pods;
			sourceTree = "<group>";
		};
		7B3DEFA501A2CF274A7552B8 /* Frameworks */ = {
			isa = PBXGroup;
			children = (
				C7707CE5AEDDAF97D267BCDE /* Pods_FacebookSDK.framework */,
			);
			name = Frameworks;
			sourceTree = "<group>";
		};
		BAD49CF923E4782F00DFB849 = {
			isa = PBXGroup;
			children = (
				BAD49D0423E4782F00DFB849 /* FacebookSDK */,
				BAD49D0323E4782F00DFB849 /* Products */,
				242B4A81D143A49531B47F97 /* Pods */,
				7B3DEFA501A2CF274A7552B8 /* Frameworks */,
			);
			sourceTree = "<group>";
		};
		BAD49D0323E4782F00DFB849 /* Products */ = {
			isa = PBXGroup;
			children = (
				BAD49D0223E4782F00DFB849 /* FacebookSDK.app */,
			);
			name = Products;
			sourceTree = "<group>";
		};
		BAD49D0423E4782F00DFB849 /* FacebookSDK */ = {
			isa = PBXGroup;
			children = (
				BAD49D0523E4782F00DFB849 /* AppDelegate.swift */,
				BAD49D0723E4782F00DFB849 /* SceneDelegate.swift */,
				BAD49D0923E4782F00DFB849 /* ViewController.swift */,
				BAD49D0B23E4782F00DFB849 /* Main.storyboard */,
				BAD49D0E23E4783100DFB849 /* Assets.xcassets */,
				BAD49D1023E4783100DFB849 /* LaunchScreen.storyboard */,
				BAD49D1323E4783100DFB849 /* Info.plist */,
			);
			path = FacebookSDK;
			sourceTree = "<group>";
		};
/* End PBXGroup section */

/* Begin PBXNativeTarget section */
		BAD49D0123E4782F00DFB849 /* FacebookSDK */ = {
			isa = PBXNativeTarget;
			buildConfigurationList = BAD49D1623E4783100DFB849 /* Build configuration list for PBXNativeTarget "FacebookSDK" */;
			buildPhases = (
				364A556129CF9CD340C69D6D /* [CP] Check Pods Manifest.lock */,
				BAD49CFE23E4782F00DFB849 /* Sources */,
				BAD49CFF23E4782F00DFB849 /* Frameworks */,
				BAD49D0023E4782F00DFB849 /* Resources */,
				10FD08BCF3EADDBE63CC22D6 /* [CP] Embed Pods Frameworks */,
			);
			buildRules = (
			);
			dependencies = (
			);
			name = FacebookSDK;
			productName = FacebookSDK;
			productReference = BAD49D0223E4782F00DFB849 /* FacebookSDK.app */;
			productType = "com.apple.product-type.application";
		};
/* End PBXNativeTarget section */

/* Begin PBXProject section */
		BAD49CFA23E4782F00DFB849 /* Project object */ = {
			isa = PBXProject;
			attributes = {
				LastSwiftUpdateCheck = 1110;
				LastUpgradeCheck = 1110;
				ORGANIZATIONNAME = Mohamed74;
				TargetAttributes = {
					BAD49D0123E4782F00DFB849 = {
						CreatedOnToolsVersion = 11.1;
					};
				};
			};
			buildConfigurationList = BAD49CFD23E4782F00DFB849 /* Build configuration list for PBXProject "FacebookSDK" */;
			compatibilityVersion = "Xcode 9.3";
			developmentRegion = en;
			hasScannedForEncodings = 0;
			knownRegions = (
				en,
				Base,
			);
			mainGroup = BAD49CF923E4782F00DFB849;
			productRefGroup = BAD49D0323E4782F00DFB849 /* Products */;
			projectDirPath = "";
			projectRoot = "";
			targets = (
				BAD49D0123E4782F00DFB849 /* FacebookSDK */,
			);
		};
/* End PBXProject section */

/* Begin PBXResourcesBuildPhase section */
		BAD49D0023E4782F00DFB849 /* Resources */ = {
			isa = PBXResourcesBuildPhase;
			buildActionMask = 2147483647;
			files = (
				BAD49D1223E4783100DFB849 /* LaunchScreen.storyboard in Resources */,
				BAD49D0F23E4783100DFB849 /* Assets.xcassets in Resources */,
				BAD49D0D23E4782F00DFB849 /* Main.storyboard in Resources */,
			);
			runOnlyForDeploymentPostprocessing = 0;
		};
/* End PBXResourcesBuildPhase section */

/* Begin PBXShellScriptBuildPhase section */
		10FD08BCF3EADDBE63CC22D6 /* [CP] Embed Pods Frameworks */ = {
			isa = PBXShellScriptBuildPhase;
			buildActionMask = 2147483647;
			files = (
			);
			inputFileListPaths = (
				"${PODS_ROOT}/Target Support Files/Pods-FacebookSDK/Pods-FacebookSDK-frameworks-${CONFIGURATION}-input-files.xcfilelist",
			);
			name = "[CP] Embed Pods Frameworks";
			outputFileListPaths = (
				"${PODS_ROOT}/Target Support Files/Pods-FacebookSDK/Pods-FacebookSDK-frameworks-${CONFIGURATION}-output-files.xcfilelist",
			);
			runOnlyForDeploymentPostprocessing = 0;
			shellPath = /bin/sh;
			shellScript = "\"${PODS_ROOT}/Target Support Files/Pods-FacebookSDK/Pods-FacebookSDK-frameworks.sh\"\n";
			showEnvVarsInLog = 0;
		};
		364A556129CF9CD340C69D6D /* [CP] Check Pods Manifest.lock */ = {
			isa = PBXShellScriptBuildPhase;
			buildActionMask = 2147483647;
			files = (
			);
			inputFileListPaths = (
			);
			inputPaths = (
				"${PODS_PODFILE_DIR_PATH}/Podfile.lock",
				"${PODS_ROOT}/Manifest.lock",
			);
			name = "[CP] Check Pods Manifest.lock";
			outputFileListPaths = (
			);
			outputPaths = (
				"$(DERIVED_FILE_DIR)/Pods-FacebookSDK-checkManifestLockResult.txt",
			);
			runOnlyForDeploymentPostprocessing = 0;
			shellPath = /bin/sh;
			shellScript = "diff \"${PODS_PODFILE_DIR_PATH}/Podfile.lock\" \"${PODS_ROOT}/Manifest.lock\" > /dev/null\nif [ $? != 0 ] ; then\n    # print error to STDERR\n    echo \"error: The sandbox is not in sync with the Podfile.lock. Run 'pod install' or update your CocoaPods installation.\" >&2\n    exit 1\nfi\n# This output is used by Xcode 'outputs' to avoid re-running this script phase.\necho \"SUCCESS\" > \"${SCRIPT_OUTPUT_FILE_0}\"\n";
			showEnvVarsInLog = 0;
		};
/* End PBXShellScriptBuildPhase section */

/* Begin PBXSourcesBuildPhase section */
		BAD49CFE23E4782F00DFB849 /* Sources */ = {
			isa = PBXSourcesBuildPhase;
			buildActionMask = 2147483647;
			files = (
				BAD49D0A23E4782F00DFB849 /* ViewController.swift in Sources */,
				BAD49D0623E4782F00DFB849 /* AppDelegate.swift in Sources */,
				BAD49D0823E4782F00DFB849 /* SceneDelegate.swift in Sources */,
			);
			runOnlyForDeploymentPostprocessing = 0;
		};
/* End PBXSourcesBuildPhase section */

/* Begin PBXVariantGroup section */
		BAD49D0B23E4782F00DFB849 /* Main.storyboard */ = {
			isa = PBXVariantGroup;
			children = (
				BAD49D0C23E4782F00DFB849 /* Base */,
			);
			name = Main.storyboard;
			sourceTree = "<group>";
		};
		BAD49D1023E4783100DFB849 /* LaunchScreen.storyboard */ = {
			isa = PBXVariantGroup;
			children = (
				BAD49D1123E4783100DFB849 /* Base */,
			);
			name = LaunchScreen.storyboard;
			sourceTree = "<group>";
		};
/* End PBXVariantGroup section */

/* Begin XCBuildConfiguration section */
		BAD49D1423E4783100DFB849 /* Debug */ = {
			isa = XCBuildConfiguration;
			buildSettings = {
				ALWAYS_SEARCH_USER_PATHS = NO;
				CLANG_ANALYZER_NONNULL = YES;
				CLANG_ANALYZER_NUMBER_OBJECT_CONVERSION = YES_AGGRESSIVE;
				CLANG_CXX_LANGUAGE_STANDARD = "gnu++14";
				CLANG_CXX_LIBRARY = "libc++";
				CLANG_ENABLE_MODULES = YES;
				CLANG_ENABLE_OBJC_ARC = YES;
				CLANG_ENABLE_OBJC_WEAK = YES;
				CLANG_WARN_BLOCK_CAPTURE_AUTORELEASING = YES;
				CLANG_WARN_BOOL_CONVERSION = YES;
				CLANG_WARN_COMMA = YES;
				CLANG_WARN_CONSTANT_CONVERSION = YES;
				CLANG_WARN_DEPRECATED_OBJC_IMPLEMENTATIONS = YES;
				CLANG_WARN_DIRECT_OBJC_ISA_USAGE = YES_ERROR;
				CLANG_WARN_DOCUMENTATION_COMMENTS = YES;
				CLANG_WARN_EMPTY_BODY = YES;
				CLANG_WARN_ENUM_CONVERSION = YES;
				CLANG_WARN_INFINITE_RECURSION = YES;
				CLANG_WARN_INT_CONVERSION = YES;
				CLANG_WARN_NON_LITERAL_NULL_CONVERSION = YES;
				CLANG_WARN_OBJC_IMPLICIT_RETAIN_SELF = YES;
				CLANG_WARN_OBJC_LITERAL_CONVERSION = YES;
				CLANG_WARN_OBJC_ROOT_CLASS = YES_ERROR;
				CLANG_WARN_RANGE_LOOP_ANALYSIS = YES;
				CLANG_WARN_STRICT_PROTOTYPES = YES;
				CLANG_WARN_SUSPICIOUS_MOVE = YES;
				CLANG_WARN_UNGUARDED_AVAILABILITY = YES_AGGRESSIVE;
				CLANG_WARN_UNREACHABLE_CODE = YES;
				CLANG_WARN__DUPLICATE_METHOD_MATCH = YES;
				COPY_PHASE_STRIP = NO;
				DEBUG_INFORMATION_FORMAT = dwarf;
				ENABLE_STRICT_OBJC_MSGSEND = YES;
				ENABLE_TESTABILITY = YES;
				GCC_C_LANGUAGE_STANDARD = gnu11;
				GCC_DYNAMIC_NO_PIC = NO;
				GCC_NO_COMMON_BLOCKS = YES;
				GCC_OPTIMIZATION_LEVEL = 0;
				GCC_PREPROCESSOR_DEFINITIONS = (
					"DEBUG=1",
					"$(inherited)",
				);
				GCC_WARN_64_TO_32_BIT_CONVERSION = YES;
				GCC_WARN_ABOUT_RETURN_TYPE = YES_ERROR;
				GCC_WARN_UNDECLARED_SELECTOR = YES;
				GCC_WARN_UNINITIALIZED_AUTOS = YES_AGGRESSIVE;
				GCC_WARN_UNUSED_FUNCTION = YES;
				GCC_WARN_UNUSED_VARIABLE = YES;
				IPHONEOS_DEPLOYMENT_TARGET = 13.1;
				MTL_ENABLE_DEBUG_INFO = INCLUDE_SOURCE;
				MTL_FAST_MATH = YES;
				ONLY_ACTIVE_ARCH = YES;
				SDKROOT = iphoneos;
				SWIFT_ACTIVE_COMPILATION_CONDITIONS = DEBUG;
				SWIFT_OPTIMIZATION_LEVEL = "-Onone";
			};
			name = Debug;
		};
		BAD49D1523E4783100DFB849 /* Release */ = {
			isa = XCBuildConfiguration;
			buildSettings = {
				ALWAYS_SEARCH_USER_PATHS = NO;
				CLANG_ANALYZER_NONNULL = YES;
				CLANG_ANALYZER_NUMBER_OBJECT_CONVERSION = YES_AGGRESSIVE;
				CLANG_CXX_LANGUAGE_STANDARD = "gnu++14";
				CLANG_CXX_LIBRARY = "libc++";
				CLANG_ENABLE_MODULES = YES;
				CLANG_ENABLE_OBJC_ARC = YES;
				CLANG_ENABLE_OBJC_WEAK = YES;
				CLANG_WARN_BLOCK_CAPTURE_AUTORELEASING = YES;
				CLANG_WARN_BOOL_CONVERSION = YES;
				CLANG_WARN_COMMA = YES;
				CLANG_WARN_CONSTANT_CONVERSION = YES;
				CLANG_WARN_DEPRECATED_OBJC_IMPLEMENTATIONS = YES;
				CLANG_WARN_DIRECT_OBJC_ISA_USAGE = YES_ERROR;
				CLANG_WARN_DOCUMENTATION_COMMENTS = YES;
				CLANG_WARN_EMPTY_BODY = YES;
				CLANG_WARN_ENUM_CONVERSION = YES;
				CLANG_WARN_INFINITE_RECURSION = YES;
				CLANG_WARN_INT_CONVERSION = YES;
				CLANG_WARN_NON_LITERAL_NULL_CONVERSION = YES;
				CLANG_WARN_OBJC_IMPLICIT_RETAIN_SELF = YES;
				CLANG_WARN_OBJC_LITERAL_CONVERSION = YES;
				CLANG_WARN_OBJC_ROOT_CLASS = YES_ERROR;
				CLANG_WARN_RANGE_LOOP_ANALYSIS = YES;
				CLANG_WARN_STRICT_PROTOTYPES = YES;
				CLANG_WARN_SUSPICIOUS_MOVE = YES;
				CLANG_WARN_UNGUARDED_AVAILABILITY = YES_AGGRESSIVE;
				CLANG_WARN_UNREACHABLE_CODE = YES;
				CLANG_WARN__DUPLICATE_METHOD_MATCH = YES;
				COPY_PHASE_STRIP = NO;
				DEBUG_INFORMATION_FORMAT = "dwarf-with-dsym";
				ENABLE_NS_ASSERTIONS = NO;
				ENABLE_STRICT_OBJC_MSGSEND = YES;
				GCC_C_LANGUAGE_STANDARD = gnu11;
				GCC_NO_COMMON_BLOCKS = YES;
				GCC_WARN_64_TO_32_BIT_CONVERSION = YES;
				GCC_WARN_ABOUT_RETURN_TYPE = YES_ERROR;
				GCC_WARN_UNDECLARED_SELECTOR = YES;
				GCC_WARN_UNINITIALIZED_AUTOS = YES_AGGRESSIVE;
				GCC_WARN_UNUSED_FUNCTION = YES;
				GCC_WARN_UNUSED_VARIABLE = YES;
				IPHONEOS_DEPLOYMENT_TARGET = 13.1;
				MTL_ENABLE_DEBUG_INFO = NO;
				MTL_FAST_MATH = YES;
				SDKROOT = iphoneos;
				SWIFT_COMPILATION_MODE = wholemodule;
				SWIFT_OPTIMIZATION_LEVEL = "-O";
				VALIDATE_PRODUCT = YES;
			};
			name = Release;
		};
		BAD49D1723E4783100DFB849 /* Debug */ = {
			isa = XCBuildConfiguration;
			baseConfigurationReference = 53BA4BAACA59E4A1988523BA /* Pods-FacebookSDK.debug.xcconfig */;
			buildSettings = {
				ASSETCATALOG_COMPILER_APPICON_NAME = AppIcon;
				CODE_SIGN_STYLE = Automatic;
				DEVELOPMENT_TEAM = 2S53RG6Q4M;
				INFOPLIST_FILE = FacebookSDK/Info.plist;
				LD_RUNPATH_SEARCH_PATHS = (
					"$(inherited)",
					"@executable_path/Frameworks",
				);
				PRODUCT_BUNDLE_IDENTIFIER = "Mohamed-osama.FacebookSDK";
				PRODUCT_NAME = "$(TARGET_NAME)";
				SWIFT_VERSION = 5.0;
				TARGETED_DEVICE_FAMILY = "1,2";
			};
			name = Debug;
		};
		BAD49D1823E4783100DFB849 /* Release */ = {
			isa = XCBuildConfiguration;
			baseConfigurationReference = B687679B1AC1D801C1373049 /* Pods-FacebookSDK.release.xcconfig */;
			buildSettings = {
				ASSETCATALOG_COMPILER_APPICON_NAME = AppIcon;
				CODE_SIGN_STYLE = Automatic;
				DEVELOPMENT_TEAM = 2S53RG6Q4M;
				INFOPLIST_FILE = FacebookSDK/Info.plist;
				LD_RUNPATH_SEARCH_PATHS = (
					"$(inherited)",
					"@executable_path/Frameworks",
				);
				PRODUCT_BUNDLE_IDENTIFIER = "Mohamed-osama.FacebookSDK";
				PRODUCT_NAME = "$(TARGET_NAME)";
				SWIFT_VERSION = 5.0;
				TARGETED_DEVICE_FAMILY = "1,2";
			};
			name = Release;
		};
/* End XCBuildConfiguration section */

/* Begin XCConfigurationList section */
		BAD49CFD23E4782F00DFB849 /* Build configuration list for PBXProject "FacebookSDK" */ = {
			isa = XCConfigurationList;
			buildConfigurations = (
				BAD49D1423E4783100DFB849 /* Debug */,
				BAD49D1523E4783100DFB849 /* Release */,
			);
			defaultConfigurationIsVisible = 0;
			defaultConfigurationName = Release;
		};
		BAD49D1623E4783100DFB849 /* Build configuration list for PBXNativeTarget "FacebookSDK" */ = {
			isa = XCConfigurationList;
			buildConfigurations = (
				BAD49D1723E4783100DFB849 /* Debug */,
				BAD49D1823E4783100DFB849 /* Release */,
			);
			defaultConfigurationIsVisible = 0;
			defaultConfigurationName = Release;
		};
/* End XCConfigurationList section */
	};
	rootObject = BAD49CFA23E4782F00DFB849 /* Project object */;
}
